
Microsoft Visual Studio Solution File, Format Version 12.00
# Visual Studio Version 17
VisualStudioVersion = 17.4.33205.214
MinimumVisualStudioVersion = 10.0.40219.1
Project("{2150E333-8FDC-42A3-9474-1A3956D46DE8}") = "FrontEnd", "FrontEnd", "{A4B116C4-448F-4C34-BDAB-34E489E3137C}"
EndProject
Project("{2150E333-8FDC-42A3-9474-1A3956D46DE8}") = "Gateway", "Gateway", "{E23717E0-8E3A-4F2F-9299-625578721993}"
EndProject
Project("{2150E333-8FDC-42A3-9474-1A3956D46DE8}") = "Integretion", "Integretion", "{128699C2-630A-406E-B355-9D3E61EB2348}"
EndProject
Project("{2150E333-8FDC-42A3-9474-1A3956D46DE8}") = "Services", "Services", "{12AADEB9-A064-4131-A342-B2CEDACD0960}"
EndProject
Project("{9A19103F-16F7-4668-BE54-9A1E7A4F7556}") = "Mango.Services.CouponAPI", "Mango.Services.CouponAPI\Mango.Services.CouponAPI.csproj", "{5C557345-1003-49DD-A65E-D85967B4F111}"
	ProjectSection(ProjectDependencies) = postProject
		{B46ADA8D-2163-4392-84A5-34B72E1A89C6} = {B46ADA8D-2163-4392-84A5-34B72E1A89C6}
	EndProjectSection
EndProject
Project("{9A19103F-16F7-4668-BE54-9A1E7A4F7556}") = "MangoWeb", "CouponWeb\MangoWeb.csproj", "{B46ADA8D-2163-4392-84A5-34B72E1A89C6}"
EndProject
Project("{9A19103F-16F7-4668-BE54-9A1E7A4F7556}") = "AuthApi", "AuthApi\AuthApi.csproj", "{3525DC11-A399-4AD5-AB86-1DBF8C106EC2}"
EndProject
Project("{9A19103F-16F7-4668-BE54-9A1E7A4F7556}") = "Mango.Services.ProductApi", "Mango.Services.ProductApi\Mango.Services.ProductApi.csproj", "{0809E5A2-336E-4A52-AEF7-B7C49AE0A2C0}"
EndProject
Project("{9A19103F-16F7-4668-BE54-9A1E7A4F7556}") = "Mango.Services.ShoppingCartApi", "Mango.Services.ShoppingCartApi\Mango.Services.ShoppingCartApi.csproj", "{D2664FEC-5B8F-4092-A813-A0EAF089B71E}"
EndProject
Project("{9A19103F-16F7-4668-BE54-9A1E7A4F7556}") = "Mango.Services.EmailApi", "Mango.Services.EmailApi\Mango.Services.EmailApi.csproj", "{D2F3626B-139A-484F-82B0-B13ED9FA204C}"
EndProject
Project("{9A19103F-16F7-4668-BE54-9A1E7A4F7556}") = "Mango.Azure.ServiceBus", "Mango.Azure.ServiceBus\Mango.Azure.ServiceBus.csproj", "{966F8A4E-9592-4113-95D9-A11D4F942684}"
EndProject
Project("{9A19103F-16F7-4668-BE54-9A1E7A4F7556}") = "Mango.Services.OrderApi", "Mango.Services.OrderApi\Mango.Services.OrderApi.csproj", "{C04FD131-DE75-4DE7-B26A-D196554BD41E}"
EndProject
Project("{FAE04EC0-301F-11D3-BF4B-00C04F79EFBC}") = "Mango.Services.RewardsApi", "Mango.Services.RewardsApi\Mango.Services.RewardsApi.csproj", "{088BACD4-52DA-4CA8-B943-80B9E57A536E}"
EndProject
Global
	GlobalSection(SolutionConfigurationPlatforms) = preSolution
		Debug|Any CPU = Debug|Any CPU
		Release|Any CPU = Release|Any CPU
	EndGlobalSection
	GlobalSection(ProjectConfigurationPlatforms) = postSolution
		{5C557345-1003-49DD-A65E-D85967B4F111}.Debug|Any CPU.ActiveCfg = Debug|Any CPU
		{5C557345-1003-49DD-A65E-D85967B4F111}.Debug|Any CPU.Build.0 = Debug|Any CPU
		{5C557345-1003-49DD-A65E-D85967B4F111}.Release|Any CPU.ActiveCfg = Release|Any CPU
		{5C557345-1003-49DD-A65E-D85967B4F111}.Release|Any CPU.Build.0 = Release|Any CPU
		{B46ADA8D-2163-4392-84A5-34B72E1A89C6}.Debug|Any CPU.ActiveCfg = Debug|Any CPU
		{B46ADA8D-2163-4392-84A5-34B72E1A89C6}.Debug|Any CPU.Build.0 = Debug|Any CPU
		{B46ADA8D-2163-4392-84A5-34B72E1A89C6}.Release|Any CPU.ActiveCfg = Release|Any CPU
		{B46ADA8D-2163-4392-84A5-34B72E1A89C6}.Release|Any CPU.Build.0 = Release|Any CPU
		{3525DC11-A399-4AD5-AB86-1DBF8C106EC2}.Debug|Any CPU.ActiveCfg = Debug|Any CPU
		{3525DC11-A399-4AD5-AB86-1DBF8C106EC2}.Debug|Any CPU.Build.0 = Debug|Any CPU
		{3525DC11-A399-4AD5-AB86-1DBF8C106EC2}.Release|Any CPU.ActiveCfg = Release|Any CPU
		{3525DC11-A399-4AD5-AB86-1DBF8C106EC2}.Release|Any CPU.Build.0 = Release|Any CPU
		{0809E5A2-336E-4A52-AEF7-B7C49AE0A2C0}.Debug|Any CPU.ActiveCfg = Debug|Any CPU
		{0809E5A2-336E-4A52-AEF7-B7C49AE0A2C0}.Debug|Any CPU.Build.0 = Debug|Any CPU
		{0809E5A2-336E-4A52-AEF7-B7C49AE0A2C0}.Release|Any CPU.ActiveCfg = Release|Any CPU
		{0809E5A2-336E-4A52-AEF7-B7C49AE0A2C0}.Release|Any CPU.Build.0 = Release|Any CPU
		{D2664FEC-5B8F-4092-A813-A0EAF089B71E}.Debug|Any CPU.ActiveCfg = Debug|Any CPU
		{D2664FEC-5B8F-4092-A813-A0EAF089B71E}.Debug|Any CPU.Build.0 = Debug|Any CPU
		{D2664FEC-5B8F-4092-A813-A0EAF089B71E}.Release|Any CPU.ActiveCfg = Release|Any CPU
		{D2664FEC-5B8F-4092-A813-A0EAF089B71E}.Release|Any CPU.Build.0 = Release|Any CPU
		{D2F3626B-139A-484F-82B0-B13ED9FA204C}.Debug|Any CPU.ActiveCfg = Debug|Any CPU
		{D2F3626B-139A-484F-82B0-B13ED9FA204C}.Debug|Any CPU.Build.0 = Debug|Any CPU
		{D2F3626B-139A-484F-82B0-B13ED9FA204C}.Release|Any CPU.ActiveCfg = Release|Any CPU
		{D2F3626B-139A-484F-82B0-B13ED9FA204C}.Release|Any CPU.Build.0 = Release|Any CPU
		{966F8A4E-9592-4113-95D9-A11D4F942684}.Debug|Any CPU.ActiveCfg = Debug|Any CPU
		{966F8A4E-9592-4113-95D9-A11D4F942684}.Debug|Any CPU.Build.0 = Debug|Any CPU
		{966F8A4E-9592-4113-95D9-A11D4F942684}.Release|Any CPU.ActiveCfg = Release|Any CPU
		{966F8A4E-9592-4113-95D9-A11D4F942684}.Release|Any CPU.Build.0 = Release|Any CPU
		{C04FD131-DE75-4DE7-B26A-D196554BD41E}.Debug|Any CPU.ActiveCfg = Debug|Any CPU
		{C04FD131-DE75-4DE7-B26A-D196554BD41E}.Debug|Any CPU.Build.0 = Debug|Any CPU
		{C04FD131-DE75-4DE7-B26A-D196554BD41E}.Release|Any CPU.ActiveCfg = Release|Any CPU
		{C04FD131-DE75-4DE7-B26A-D196554BD41E}.Release|Any CPU.Build.0 = Release|Any CPU
		{088BACD4-52DA-4CA8-B943-80B9E57A536E}.Debug|Any CPU.ActiveCfg = Debug|Any CPU
		{088BACD4-52DA-4CA8-B943-80B9E57A536E}.Debug|Any CPU.Build.0 = Debug|Any CPU
		{088BACD4-52DA-4CA8-B943-80B9E57A536E}.Release|Any CPU.ActiveCfg = Release|Any CPU
		{088BACD4-52DA-4CA8-B943-80B9E57A536E}.Release|Any CPU.Build.0 = Release|Any CPU
	EndGlobalSection
	GlobalSection(SolutionProperties) = preSolution
		HideSolutionNode = FALSE
	EndGlobalSection
	GlobalSection(NestedProjects) = preSolution
		{5C557345-1003-49DD-A65E-D85967B4F111} = {12AADEB9-A064-4131-A342-B2CEDACD0960}
		{B46ADA8D-2163-4392-84A5-34B72E1A89C6} = {A4B116C4-448F-4C34-BDAB-34E489E3137C}
		{3525DC11-A399-4AD5-AB86-1DBF8C106EC2} = {12AADEB9-A064-4131-A342-B2CEDACD0960}
		{0809E5A2-336E-4A52-AEF7-B7C49AE0A2C0} = {12AADEB9-A064-4131-A342-B2CEDACD0960}
		{D2664FEC-5B8F-4092-A813-A0EAF089B71E} = {12AADEB9-A064-4131-A342-B2CEDACD0960}
		{D2F3626B-139A-484F-82B0-B13ED9FA204C} = {12AADEB9-A064-4131-A342-B2CEDACD0960}
		{966F8A4E-9592-4113-95D9-A11D4F942684} = {128699C2-630A-406E-B355-9D3E61EB2348}
		{C04FD131-DE75-4DE7-B26A-D196554BD41E} = {12AADEB9-A064-4131-A342-B2CEDACD0960}
		{088BACD4-52DA-4CA8-B943-80B9E57A536E} = {12AADEB9-A064-4131-A342-B2CEDACD0960}
	EndGlobalSection
	GlobalSection(ExtensibilityGlobals) = postSolution
		SolutionGuid = {6DFFC70E-8455-44FE-AF6D-326100EC7654}
	EndGlobalSection
EndGlobal
